
Microsoft Visual Studio Solution File, Format Version 12.00
# Visual Studio Version 16
VisualStudioVersion = 16.0.31515.178
MinimumVisualStudioVersion = 10.0.40219.1
Project("{9A19103F-16F7-4668-BE54-9A1E7A4F7556}") = "MO_Lambda", "MO_Lambda.csproj", "{29EE66C3-B99E-4ED9-8ED1-97F06BFC9A19}"
EndProject
Project("{9A19103F-16F7-4668-BE54-9A1E7A4F7556}") = "MO_Lambda.Tests", "..\MO_Lambda.Tests\MO_Lambda.Tests.csproj", "{26D4A68B-B25B-459C-9A39-E3F823FD441B}"
EndProject
Global
	GlobalSection(SolutionConfigurationPlatforms) = preSolution
		Debug|Any CPU = Debug|Any CPU
		Release|Any CPU = Release|Any CPU
	EndGlobalSection
	GlobalSection(ProjectConfigurationPlatforms) = postSolution
		{29EE66C3-B99E-4ED9-8ED1-97F06BFC9A19}.Debug|Any CPU.ActiveCfg = Debug|Any CPU
		{29EE66C3-B99E-4ED9-8ED1-97F06BFC9A19}.Debug|Any CPU.Build.0 = Debug|Any CPU
		{29EE66C3-B99E-4ED9-8ED1-97F06BFC9A19}.Release|Any CPU.ActiveCfg = Release|Any CPU
		{29EE66C3-B99E-4ED9-8ED1-97F06BFC9A19}.Release|Any CPU.Build.0 = Release|Any CPU
		{26D4A68B-B25B-459C-9A39-E3F823FD441B}.Debug|Any CPU.ActiveCfg = Debug|Any CPU
		{26D4A68B-B25B-459C-9A39-E3F823FD441B}.Debug|Any CPU.Build.0 = Debug|Any CPU
		{26D4A68B-B25B-459C-9A39-E3F823FD441B}.Release|Any CPU.ActiveCfg = Release|Any CPU
		{26D4A68B-B25B-459C-9A39-E3F823FD441B}.Release|Any CPU.Build.0 = Release|Any CPU
	EndGlobalSection
	GlobalSection(SolutionProperties) = preSolution
		HideSolutionNode = FALSE
	EndGlobalSection
	GlobalSection(ExtensibilityGlobals) = postSolution
		SolutionGuid = {11D9F873-8CE6-49FE-9460-A159597F7E02}
	EndGlobalSection
EndGlobal
